// !$*UTF8*$!
{
	archiveVersion = 1;
	classes = {
	};
	objectVersion = 50;
	objects = {

/* Begin PBXBuildFile section */
		E41BBEFC22890F2000010490 /* AppDelegate.swift in Sources */ = {isa = PBXBuildFile; fileRef = E41BBEFB22890F2000010490 /* AppDelegate.swift */; };
		E41BBEFE22890F2000010490 /* ViewController.swift in Sources */ = {isa = PBXBuildFile; fileRef = E41BBEFD22890F2000010490 /* ViewController.swift */; };
		E41BBF0122890F2000010490 /* Main.storyboard in Resources */ = {isa = PBXBuildFile; fileRef = E41BBEFF22890F2000010490 /* Main.storyboard */; };
		E41BBF0322890F2B00010490 /* Assets.xcassets in Resources */ = {isa = PBXBuildFile; fileRef = E41BBF0222890F2B00010490 /* Assets.xcassets */; };
		E41BBF0622890F2B00010490 /* LaunchScreen.storyboard in Resources */ = {isa = PBXBuildFile; fileRef = E41BBF0422890F2B00010490 /* LaunchScreen.storyboard */; };
		E41BBF1122890F2C00010490 /* todo_appTests.swift in Sources */ = {isa = PBXBuildFile; fileRef = E41BBF1022890F2C00010490 /* todo_appTests.swift */; };
		E41BBF1C22890F2C00010490 /* todo_appUITests.swift in Sources */ = {isa = PBXBuildFile; fileRef = E41BBF1B22890F2C00010490 /* todo_appUITests.swift */; };
/* End PBXBuildFile section */

/* Begin PBXContainerItemProxy section */
		E41BBF0D22890F2C00010490 /* PBXContainerItemProxy */ = {
			isa = PBXContainerItemProxy;
			containerPortal = E41BBEF022890F1F00010490 /* Project object */;
			proxyType = 1;
			remoteGlobalIDString = E41BBEF722890F2000010490;
			remoteInfo = "todo-app";
		};
		E41BBF1822890F2C00010490 /* PBXContainerItemProxy */ = {
			isa = PBXContainerItemProxy;
			containerPortal = E41BBEF022890F1F00010490 /* Project object */;
			proxyType = 1;
			remoteGlobalIDString = E41BBEF722890F2000010490;
			remoteInfo = "todo-app";
		};
/* End PBXContainerItemProxy section */

/* Begin PBXFileReference section */
		E41BBEF822890F2000010490 /* todo-app.app */ = {isa = PBXFileReference; explicitFileType = wrapper.application; includeInIndex = 0; path = "todo-app.app"; sourceTree = BUILT_PRODUCTS_DIR; };
		E41BBEFB22890F2000010490 /* AppDelegate.swift */ = {isa = PBXFileReference; lastKnownFileType = sourcecode.swift; path = AppDelegate.swift; sourceTree = "<group>"; };
		E41BBEFD22890F2000010490 /* ViewController.swift */ = {isa = PBXFileReference; lastKnownFileType = sourcecode.swift; path = ViewController.swift; sourceTree = "<group>"; };
		E41BBF0022890F2000010490 /* Base */ = {isa = PBXFileReference; lastKnownFileType = file.storyboard; name = Base; path = Base.lproj/Main.storyboard; sourceTree = "<group>"; };
		E41BBF0222890F2B00010490 /* Assets.xcassets */ = {isa = PBXFileReference; lastKnownFileType = folder.assetcatalog; path = Assets.xcassets; sourceTree = "<group>"; };
		E41BBF0522890F2B00010490 /* Base */ = {isa = PBXFileReference; lastKnownFileType = file.storyboard; name = Base; path = Base.lproj/LaunchScreen.storyboard; sourceTree = "<group>"; };
		E41BBF0722890F2B00010490 /* Info.plist */ = {isa = PBXFileReference; lastKnownFileType = text.plist.xml; path = Info.plist; sourceTree = "<group>"; };
		E41BBF0C22890F2C00010490 /* todo-appTests.xctest */ = {isa = PBXFileReference; explicitFileType = wrapper.cfbundle; includeInIndex = 0; path = "todo-appTests.xctest"; sourceTree = BUILT_PRODUCTS_DIR; };
		E41BBF1022890F2C00010490 /* todo_appTests.swift */ = {isa = PBXFileReference; lastKnownFileType = sourcecode.swift; path = todo_appTests.swift; sourceTree = "<group>"; };
		E41BBF1222890F2C00010490 /* Info.plist */ = {isa = PBXFileReference; lastKnownFileType = text.plist.xml; path = Info.plist; sourceTree = "<group>"; };
		E41BBF1722890F2C00010490 /* todo-appUITests.xctest */ = {isa = PBXFileReference; explicitFileType = wrapper.cfbundle; includeInIndex = 0; path = "todo-appUITests.xctest"; sourceTree = BUILT_PRODUCTS_DIR; };
		E41BBF1B22890F2C00010490 /* todo_appUITests.swift */ = {isa = PBXFileReference; lastKnownFileType = sourcecode.swift; path = todo_appUITests.swift; sourceTree = "<group>"; };
		E41BBF1D22890F2C00010490 /* Info.plist */ = {isa = PBXFileReference; lastKnownFileType = text.plist.xml; path = Info.plist; sourceTree = "<group>"; };
/* End PBXFileReference section */

/* Begin PBXFrameworksBuildPhase section */
		E41BBEF522890F2000010490 /* Frameworks */ = {
			isa = PBXFrameworksBuildPhase;
			buildActionMask = 2147483647;
			files = (
			);
			runOnlyForDeploymentPostprocessing = 0;
		};
		E41BBF0922890F2C00010490 /* Frameworks */ = {
			isa = PBXFrameworksBuildPhase;
			buildActionMask = 2147483647;
			files = (
			);
			runOnlyForDeploymentPostprocessing = 0;
		};
		E41BBF1422890F2C00010490 /* Frameworks */ = {
			isa = PBXFrameworksBuildPhase;
			buildActionMask = 2147483647;
			files = (
			);
			runOnlyForDeploymentPostprocessing = 0;
		};
/* End PBXFrameworksBuildPhase section */

/* Begin PBXGroup section */
		E41BBEEF22890F1F00010490 = {
			isa = PBXGroup;
			children = (
				E41BBEFA22890F2000010490 /* todo-app */,
				E41BBF0F22890F2C00010490 /* todo-appTests */,
				E41BBF1A22890F2C00010490 /* todo-appUITests */,
				E41BBEF922890F2000010490 /* Products */,
			);
			sourceTree = "<group>";
		};
		E41BBEF922890F2000010490 /* Products */ = {
			isa = PBXGroup;
			children = (
				E41BBEF822890F2000010490 /* todo-app.app */,
				E41BBF0C22890F2C00010490 /* todo-appTests.xctest */,
				E41BBF1722890F2C00010490 /* todo-appUITests.xctest */,
			);
			name = Products;
			sourceTree = "<group>";
		};
		E41BBEFA22890F2000010490 /* todo-app */ = {
			isa = PBXGroup;
			children = (
				E41BBEFB22890F2000010490 /* AppDelegate.swift */,
				E41BBEFD22890F2000010490 /* ViewController.swift */,
				E41BBEFF22890F2000010490 /* Main.storyboard */,
				E41BBF0222890F2B00010490 /* Assets.xcassets */,
				E41BBF0422890F2B00010490 /* LaunchScreen.storyboard */,
				E41BBF0722890F2B00010490 /* Info.plist */,
			);
			path = "todo-app";
			sourceTree = "<group>";
		};
		E41BBF0F22890F2C00010490 /* todo-appTests */ = {
			isa = PBXGroup;
			children = (
				E41BBF1022890F2C00010490 /* todo_appTests.swift */,
				E41BBF1222890F2C00010490 /* Info.plist */,
			);
			path = "todo-appTests";
			sourceTree = "<group>";
		};
		E41BBF1A22890F2C00010490 /* todo-appUITests */ = {
			isa = PBXGroup;
			children = (
				E41BBF1B22890F2C00010490 /* todo_appUITests.swift */,
				E41BBF1D22890F2C00010490 /* Info.plist */,
			);
			path = "todo-appUITests";
			sourceTree = "<group>";
		};
/* End PBXGroup section */

/* Begin PBXNativeTarget section */
		E41BBEF722890F2000010490 /* todo-app */ = {
			isa = PBXNativeTarget;
			buildConfigurationList = E41BBF2022890F2C00010490 /* Build configuration list for PBXNativeTarget "todo-app" */;
			buildPhases = (
				E41BBEF422890F2000010490 /* Sources */,
				E41BBEF522890F2000010490 /* Frameworks */,
				E41BBEF622890F2000010490 /* Resources */,
			);
			buildRules = (
			);
			dependencies = (
			);
			name = "todo-app";
			productName = "todo-app";
			productReference = E41BBEF822890F2000010490 /* todo-app.app */;
			productType = "com.apple.product-type.application";
		};
		E41BBF0B22890F2C00010490 /* todo-appTests */ = {
			isa = PBXNativeTarget;
			buildConfigurationList = E41BBF2322890F2C00010490 /* Build configuration list for PBXNativeTarget "todo-appTests" */;
			buildPhases = (
				E41BBF0822890F2C00010490 /* Sources */,
				E41BBF0922890F2C00010490 /* Frameworks */,
				E41BBF0A22890F2C00010490 /* Resources */,
			);
			buildRules = (
			);
			dependencies = (
				E41BBF0E22890F2C00010490 /* PBXTargetDependency */,
			);
			name = "todo-appTests";
			productName = "todo-appTests";
			productReference = E41BBF0C22890F2C00010490 /* todo-appTests.xctest */;
			productType = "com.apple.product-type.bundle.unit-test";
		};
		E41BBF1622890F2C00010490 /* todo-appUITests */ = {
			isa = PBXNativeTarget;
			buildConfigurationList = E41BBF2622890F2C00010490 /* Build configuration list for PBXNativeTarget "todo-appUITests" */;
			buildPhases = (
				E41BBF1322890F2C00010490 /* Sources */,
				E41BBF1422890F2C00010490 /* Frameworks */,
				E41BBF1522890F2C00010490 /* Resources */,
			);
			buildRules = (
			);
			dependencies = (
				E41BBF1922890F2C00010490 /* PBXTargetDependency */,
			);
			name = "todo-appUITests";
			productName = "todo-appUITests";
			productReference = E41BBF1722890F2C00010490 /* todo-appUITests.xctest */;
			productType = "com.apple.product-type.bundle.ui-testing";
		};
/* End PBXNativeTarget section */

/* Begin PBXProject section */
		E41BBEF022890F1F00010490 /* Project object */ = {
			isa = PBXProject;
			attributes = {
				LastSwiftUpdateCheck = 1000;
				LastUpgradeCheck = 1000;
				ORGANIZATIONNAME = "Harry Zhang";
				TargetAttributes = {
					E41BBEF722890F2000010490 = {
						CreatedOnToolsVersion = 10.0;
					};
					E41BBF0B22890F2C00010490 = {
						CreatedOnToolsVersion = 10.0;
						TestTargetID = E41BBEF722890F2000010490;
					};
					E41BBF1622890F2C00010490 = {
						CreatedOnToolsVersion = 10.0;
						TestTargetID = E41BBEF722890F2000010490;
					};
				};
			};
			buildConfigurationList = E41BBEF322890F1F00010490 /* Build configuration list for PBXProject "todo-app" */;
			compatibilityVersion = "Xcode 9.3";
			developmentRegion = en;
			hasScannedForEncodings = 0;
			knownRegions = (
				en,
				Base,
			);
			mainGroup = E41BBEEF22890F1F00010490;
			productRefGroup = E41BBEF922890F2000010490 /* Products */;
			projectDirPath = "";
			projectRoot = "";
			targets = (
				E41BBEF722890F2000010490 /* todo-app */,
				E41BBF0B22890F2C00010490 /* todo-appTests */,
				E41BBF1622890F2C00010490 /* todo-appUITests */,
			);
		};
/* End PBXProject section */

/* Begin PBXResourcesBuildPhase section */
		E41BBEF622890F2000010490 /* Resources */ = {
			isa = PBXResourcesBuildPhase;
			buildActionMask = 2147483647;
			files = (
				E41BBF0622890F2B00010490 /* LaunchScreen.storyboard in Resources */,
				E41BBF0322890F2B00010490 /* Assets.xcassets in Resources */,
				E41BBF0122890F2000010490 /* Main.storyboard in Resources */,
			);
			runOnlyForDeploymentPostprocessing = 0;
		};
		E41BBF0A22890F2C00010490 /* Resources */ = {
			isa = PBXResourcesBuildPhase;
			buildActionMask = 2147483647;
			files = (
			);
			runOnlyForDeploymentPostprocessing = 0;
		};
		E41BBF1522890F2C00010490 /* Resources */ = {
			isa = PBXResourcesBuildPhase;
			buildActionMask = 2147483647;
			files = (
			);
			runOnlyForDeploymentPostprocessing = 0;
		};
/* End PBXResourcesBuildPhase section */

/* Begin PBXSourcesBuildPhase section */
		E41BBEF422890F2000010490 /* Sources */ = {
			isa = PBXSourcesBuildPhase;
			buildActionMask = 2147483647;
			files = (
				E41BBEFE22890F2000010490 /* ViewController.swift in Sources */,
				E41BBEFC22890F2000010490 /* AppDelegate.swift in Sources */,
			);
			runOnlyForDeploymentPostprocessing = 0;
		};
		E41BBF0822890F2C00010490 /* Sources */ = {
			isa = PBXSourcesBuildPhase;
			buildActionMask = 2147483647;
			files = (
				E41BBF1122890F2C00010490 /* todo_appTests.swift in Sources */,
			);
			runOnlyForDeploymentPostprocessing = 0;
		};
		E41BBF1322890F2C00010490 /* Sources */ = {
			isa = PBXSourcesBuildPhase;
			buildActionMask = 2147483647;
			files = (
				E41BBF1C22890F2C00010490 /* todo_appUITests.swift in Sources */,
			);
			runOnlyForDeploymentPostprocessing = 0;
		};
/* End PBXSourcesBuildPhase section */

/* Begin PBXTargetDependency section */
		E41BBF0E22890F2C00010490 /* PBXTargetDependency */ = {
			isa = PBXTargetDependency;
			target = E41BBEF722890F2000010490 /* todo-app */;
			targetProxy = E41BBF0D22890F2C00010490 /* PBXContainerItemProxy */;
		};
		E41BBF1922890F2C00010490 /* PBXTargetDependency */ = {
			isa = PBXTargetDependency;
			target = E41BBEF722890F2000010490 /* todo-app */;
			targetProxy = E41BBF1822890F2C00010490 /* PBXContainerItemProxy */;
		};
/* End PBXTargetDependency section */

/* Begin PBXVariantGroup section */
		E41BBEFF22890F2000010490 /* Main.storyboard */ = {
			isa = PBXVariantGroup;
			children = (
				E41BBF0022890F2000010490 /* Base */,
			);
			name = Main.storyboard;
			sourceTree = "<group>";
		};
		E41BBF0422890F2B00010490 /* LaunchScreen.storyboard */ = {
			isa = PBXVariantGroup;
			children = (
				E41BBF0522890F2B00010490 /* Base */,
			);
			name = LaunchScreen.storyboard;
			sourceTree = "<group>";
		};
/* End PBXVariantGroup section */

/* Begin XCBuildConfiguration section */
		E41BBF1E22890F2C00010490 /* Debug */ = {
			isa = XCBuildConfiguration;
			buildSettings = {
				ALWAYS_SEARCH_USER_PATHS = NO;
				CLANG_ANALYZER_NONNULL = YES;
				CLANG_ANALYZER_NUMBER_OBJECT_CONVERSION = YES_AGGRESSIVE;
				CLANG_CXX_LANGUAGE_STANDARD = "gnu++14";
				CLANG_CXX_LIBRARY = "libc++";
				CLANG_ENABLE_MODULES = YES;
				CLANG_ENABLE_OBJC_ARC = YES;
				CLANG_ENABLE_OBJC_WEAK = YES;
				CLANG_WARN_BLOCK_CAPTURE_AUTORELEASING = YES;
				CLANG_WARN_BOOL_CONVERSION = YES;
				CLANG_WARN_COMMA = YES;
				CLANG_WARN_CONSTANT_CONVERSION = YES;
				CLANG_WARN_DEPRECATED_OBJC_IMPLEMENTATIONS = YES;
				CLANG_WARN_DIRECT_OBJC_ISA_USAGE = YES_ERROR;
				CLANG_WARN_DOCUMENTATION_COMMENTS = YES;
				CLANG_WARN_EMPTY_BODY = YES;
				CLANG_WARN_ENUM_CONVERSION = YES;
				CLANG_WARN_INFINITE_RECURSION = YES;
				CLANG_WARN_INT_CONVERSION = YES;
				CLANG_WARN_NON_LITERAL_NULL_CONVERSION = YES;
				CLANG_WARN_OBJC_IMPLICIT_RETAIN_SELF = YES;
				CLANG_WARN_OBJC_LITERAL_CONVERSION = YES;
				CLANG_WARN_OBJC_ROOT_CLASS = YES_ERROR;
				CLANG_WARN_RANGE_LOOP_ANALYSIS = YES;
				CLANG_WARN_STRICT_PROTOTYPES = YES;
				CLANG_WARN_SUSPICIOUS_MOVE = YES;
				CLANG_WARN_UNGUARDED_AVAILABILITY = YES_AGGRESSIVE;
				CLANG_WARN_UNREACHABLE_CODE = YES;
				CLANG_WARN__DUPLICATE_METHOD_MATCH = YES;
				CODE_SIGN_IDENTITY = "iPhone Developer";
				COPY_PHASE_STRIP = NO;
				DEBUG_INFORMATION_FORMAT = dwarf;
				ENABLE_STRICT_OBJC_MSGSEND = YES;
				ENABLE_TESTABILITY = YES;
				GCC_C_LANGUAGE_STANDARD = gnu11;
				GCC_DYNAMIC_NO_PIC = NO;
				GCC_NO_COMMON_BLOCKS = YES;
				GCC_OPTIMIZATION_LEVEL = 0;
				GCC_PREPROCESSOR_DEFINITIONS = (
					"DEBUG=1",
					"$(inherited)",
				);
				GCC_WARN_64_TO_32_BIT_CONVERSION = YES;
				GCC_WARN_ABOUT_RETURN_TYPE = YES_ERROR;
				GCC_WARN_UNDECLARED_SELECTOR = YES;
				GCC_WARN_UNINITIALIZED_AUTOS = YES_AGGRESSIVE;
				GCC_WARN_UNUSED_FUNCTION = YES;
				GCC_WARN_UNUSED_VARIABLE = YES;
				IPHONEOS_DEPLOYMENT_TARGET = 12.0;
				MTL_ENABLE_DEBUG_INFO = INCLUDE_SOURCE;
				MTL_FAST_MATH = YES;
				ONLY_ACTIVE_ARCH = YES;
				SDKROOT = iphoneos;
				SWIFT_ACTIVE_COMPILATION_CONDITIONS = DEBUG;
				SWIFT_OPTIMIZATION_LEVEL = "-Onone";
			};
			name = Debug;
		};
		E41BBF1F22890F2C00010490 /* Release */ = {
			isa = XCBuildConfiguration;
			buildSettings = {
				ALWAYS_SEARCH_USER_PATHS = NO;
				CLANG_ANALYZER_NONNULL = YES;
				CLANG_ANALYZER_NUMBER_OBJECT_CONVERSION = YES_AGGRESSIVE;
				CLANG_CXX_LANGUAGE_STANDARD = "gnu++14";
				CLANG_CXX_LIBRARY = "libc++";
				CLANG_ENABLE_MODULES = YES;
				CLANG_ENABLE_OBJC_ARC = YES;
				CLANG_ENABLE_OBJC_WEAK = YES;
				CLANG_WARN_BLOCK_CAPTURE_AUTORELEASING = YES;
				CLANG_WARN_BOOL_CONVERSION = YES;
				CLANG_WARN_COMMA = YES;
				CLANG_WARN_CONSTANT_CONVERSION = YES;
				CLANG_WARN_DEPRECATED_OBJC_IMPLEMENTATIONS = YES;
				CLANG_WARN_DIRECT_OBJC_ISA_USAGE = YES_ERROR;
				CLANG_WARN_DOCUMENTATION_COMMENTS = YES;
				CLANG_WARN_EMPTY_BODY = YES;
				CLANG_WARN_ENUM_CONVERSION = YES;
				CLANG_WARN_INFINITE_RECURSION = YES;
				CLANG_WARN_INT_CONVERSION = YES;
				CLANG_WARN_NON_LITERAL_NULL_CONVERSION = YES;
				CLANG_WARN_OBJC_IMPLICIT_RETAIN_SELF = YES;
				CLANG_WARN_OBJC_LITERAL_CONVERSION = YES;
				CLANG_WARN_OBJC_ROOT_CLASS = YES_ERROR;
				CLANG_WARN_RANGE_LOOP_ANALYSIS = YES;
				CLANG_WARN_STRICT_PROTOTYPES = YES;
				CLANG_WARN_SUSPICIOUS_MOVE = YES;
				CLANG_WARN_UNGUARDED_AVAILABILITY = YES_AGGRESSIVE;
				CLANG_WARN_UNREACHABLE_CODE = YES;
				CLANG_WARN__DUPLICATE_METHOD_MATCH = YES;
				CODE_SIGN_IDENTITY = "iPhone Developer";
				COPY_PHASE_STRIP = NO;
				DEBUG_INFORMATION_FORMAT = "dwarf-with-dsym";
				ENABLE_NS_ASSERTIONS = NO;
				ENABLE_STRICT_OBJC_MSGSEND = YES;
				GCC_C_LANGUAGE_STANDARD = gnu11;
				GCC_NO_COMMON_BLOCKS = YES;
				GCC_WARN_64_TO_32_BIT_CONVERSION = YES;
				GCC_WARN_ABOUT_RETURN_TYPE = YES_ERROR;
				GCC_WARN_UNDECLARED_SELECTOR = YES;
				GCC_WARN_UNINITIALIZED_AUTOS = YES_AGGRESSIVE;
				GCC_WARN_UNUSED_FUNCTION = YES;
				GCC_WARN_UNUSED_VARIABLE = YES;
				IPHONEOS_DEPLOYMENT_TARGET = 12.0;
				MTL_ENABLE_DEBUG_INFO = NO;
				MTL_FAST_MATH = YES;
				SDKROOT = iphoneos;
				SWIFT_COMPILATION_MODE = wholemodule;
				SWIFT_OPTIMIZATION_LEVEL = "-O";
				VALIDATE_PRODUCT = YES;
			};
			name = Release;
		};
		E41BBF2122890F2C00010490 /* Debug */ = {
			isa = XCBuildConfiguration;
			buildSettings = {
				ASSETCATALOG_COMPILER_APPICON_NAME = AppIcon;
				CODE_SIGN_STYLE = Automatic;
				INFOPLIST_FILE = "todo-app/Info.plist";
				LD_RUNPATH_SEARCH_PATHS = (
					"$(inherited)",
					"@executable_path/Frameworks",
				);
				PRODUCT_BUNDLE_IDENTIFIER = "com.harryzhang.todo-app";
				PRODUCT_NAME = "$(TARGET_NAME)";
				SWIFT_VERSION = 4.2;
				TARGETED_DEVICE_FAMILY = "1,2";
			};
			name = Debug;
		};
		E41BBF2222890F2C00010490 /* Release */ = {
			isa = XCBuildConfiguration;
			buildSettings = {
				ASSETCATALOG_COMPILER_APPICON_NAME = AppIcon;
				CODE_SIGN_STYLE = Automatic;
				INFOPLIST_FILE = "todo-app/Info.plist";
				LD_RUNPATH_SEARCH_PATHS = (
					"$(inherited)",
					"@executable_path/Frameworks",
				);
				PRODUCT_BUNDLE_IDENTIFIER = "com.harryzhang.todo-app";
				PRODUCT_NAME = "$(TARGET_NAME)";
				SWIFT_VERSION = 4.2;
				TARGETED_DEVICE_FAMILY = "1,2";
			};
			name = Release;
		};
		E41BBF2422890F2C00010490 /* Debug */ = {
			isa = XCBuildConfiguration;
			buildSettings = {
				ALWAYS_EMBED_SWIFT_STANDARD_LIBRARIES = YES;
				BUNDLE_LOADER = "$(TEST_HOST)";
				CODE_SIGN_STYLE = Automatic;
				INFOPLIST_FILE = "todo-appTests/Info.plist";
				LD_RUNPATH_SEARCH_PATHS = (
					"$(inherited)",
					"@executable_path/Frameworks",
					"@loader_path/Frameworks",
				);
				PRODUCT_BUNDLE_IDENTIFIER = "com.harryzhang.todo-appTests";
				PRODUCT_NAME = "$(TARGET_NAME)";
				SWIFT_VERSION = 4.2;
				TARGETED_DEVICE_FAMILY = "1,2";
				TEST_HOST = "$(BUILT_PRODUCTS_DIR)/todo-app.app/todo-app";
			};
			name = Debug;
		};
		E41BBF2522890F2C00010490 /* Release */ = {
			isa = XCBuildConfiguration;
			buildSettings = {
				ALWAYS_EMBED_SWIFT_STANDARD_LIBRARIES = YES;
				BUNDLE_LOADER = "$(TEST_HOST)";
				CODE_SIGN_STYLE = Automatic;
				INFOPLIST_FILE = "todo-appTests/Info.plist";
				LD_RUNPATH_SEARCH_PATHS = (
					"$(inherited)",
					"@executable_path/Frameworks",
					"@loader_path/Frameworks",
				);
				PRODUCT_BUNDLE_IDENTIFIER = "com.harryzhang.todo-appTests";
				PRODUCT_NAME = "$(TARGET_NAME)";
				SWIFT_VERSION = 4.2;
				TARGETED_DEVICE_FAMILY = "1,2";
				TEST_HOST = "$(BUILT_PRODUCTS_DIR)/todo-app.app/todo-app";
			};
			name = Release;
		};
		E41BBF2722890F2C00010490 /* Debug */ = {
			isa = XCBuildConfiguration;
			buildSettings = {
				ALWAYS_EMBED_SWIFT_STANDARD_LIBRARIES = YES;
				CODE_SIGN_STYLE = Automatic;
				INFOPLIST_FILE = "todo-appUITests/Info.plist";
				LD_RUNPATH_SEARCH_PATHS = (
					"$(inherited)",
					"@executable_path/Frameworks",
					"@loader_path/Frameworks",
				);
				PRODUCT_BUNDLE_IDENTIFIER = "com.harryzhang.todo-appUITests";
				PRODUCT_NAME = "$(TARGET_NAME)";
				SWIFT_VERSION = 4.2;
				TARGETED_DEVICE_FAMILY = "1,2";
				TEST_TARGET_NAME = "todo-app";
			};
			name = Debug;
		};
		E41BBF2822890F2C00010490 /* Release */ = {
			isa = XCBuildConfiguration;
			buildSettings = {
				ALWAYS_EMBED_SWIFT_STANDARD_LIBRARIES = YES;
				CODE_SIGN_STYLE = Automatic;
				INFOPLIST_FILE = "todo-appUITests/Info.plist";
				LD_RUNPATH_SEARCH_PATHS = (
					"$(inherited)",
					"@executable_path/Frameworks",
					"@loader_path/Frameworks",
				);
				PRODUCT_BUNDLE_IDENTIFIER = "com.harryzhang.todo-appUITests";
				PRODUCT_NAME = "$(TARGET_NAME)";
				SWIFT_VERSION = 4.2;
				TARGETED_DEVICE_FAMILY = "1,2";
				TEST_TARGET_NAME = "todo-app";
			};
			name = Release;
		};
/* End XCBuildConfiguration section */

/* Begin XCConfigurationList section */
		E41BBEF322890F1F00010490 /* Build configuration list for PBXProject "todo-app" */ = {
			isa = XCConfigurationList;
			buildConfigurations = (
				E41BBF1E22890F2C00010490 /* Debug */,
				E41BBF1F22890F2C00010490 /* Release */,
			);
			defaultConfigurationIsVisible = 0;
			defaultConfigurationName = Release;
		};
		E41BBF2022890F2C00010490 /* Build configuration list for PBXNativeTarget "todo-app" */ = {
			isa = XCConfigurationList;
			buildConfigurations = (
				E41BBF2122890F2C00010490 /* Debug */,
				E41BBF2222890F2C00010490 /* Release */,
			);
			defaultConfigurationIsVisible = 0;
			defaultConfigurationName = Release;
		};
		E41BBF2322890F2C00010490 /* Build configuration list for PBXNativeTarget "todo-appTests" */ = {
			isa = XCConfigurationList;
			buildConfigurations = (
				E41BBF2422890F2C00010490 /* Debug */,
				E41BBF2522890F2C00010490 /* Release */,
			);
			defaultConfigurationIsVisible = 0;
			defaultConfigurationName = Release;
		};
		E41BBF2622890F2C00010490 /* Build configuration list for PBXNativeTarget "todo-appUITests" */ = {
			isa = XCConfigurationList;
			buildConfigurations = (
				E41BBF2722890F2C00010490 /* Debug */,
				E41BBF2822890F2C00010490 /* Release */,
			);
			defaultConfigurationIsVisible = 0;
			defaultConfigurationName = Release;
		};
/* End XCConfigurationList section */
	};
	rootObject = E41BBEF022890F1F00010490 /* Project object */;
}
